
Microsoft Visual Studio Solution File, Format Version 12.00
# Visual Studio Version 17
VisualStudioVersion = 17.0.31903.59
MinimumVisualStudioVersion = 10.0.40219.1
Project("{2150E333-8FDC-42A3-9474-1A3956D46DE8}") = "src", "src", "{A657073B-8466-4A93-8173-A9F4B4DBAF37}"
EndProject
Project("{FAE04EC0-301F-11D3-BF4B-00C04F79EFBC}") = "FormulaOne.WebAPI", "src\CQRS.Demo.WebAPI\FormulaOne.WebAPI.csproj", "{25D88CB9-3EC2-4AE9-A8BB-ACAD5FF10715}"
EndProject
Project("{FAE04EC0-301F-11D3-BF4B-00C04F79EFBC}") = "FormulaOne.Entities", "src\FormulaOne.Entities\FormulaOne.Entities.csproj", "{C23A6A92-F7ED-4661-8481-6ACFBE5860BF}"
EndProject
Project("{FAE04EC0-301F-11D3-BF4B-00C04F79EFBC}") = "FormulaOne.DataService", "src\FormulaOne.DataService\FormulaOne.DataService.csproj", "{ABA5525F-CB58-4D9A-866D-551A813F3416}"
EndProject
Global
	GlobalSection(SolutionConfigurationPlatforms) = preSolution
		Debug|Any CPU = Debug|Any CPU
		Release|Any CPU = Release|Any CPU
	EndGlobalSection
	GlobalSection(ProjectConfigurationPlatforms) = postSolution
		{25D88CB9-3EC2-4AE9-A8BB-ACAD5FF10715}.Debug|Any CPU.ActiveCfg = Debug|Any CPU
		{25D88CB9-3EC2-4AE9-A8BB-ACAD5FF10715}.Debug|Any CPU.Build.0 = Debug|Any CPU
		{25D88CB9-3EC2-4AE9-A8BB-ACAD5FF10715}.Release|Any CPU.ActiveCfg = Release|Any CPU
		{25D88CB9-3EC2-4AE9-A8BB-ACAD5FF10715}.Release|Any CPU.Build.0 = Release|Any CPU
		{C23A6A92-F7ED-4661-8481-6ACFBE5860BF}.Debug|Any CPU.ActiveCfg = Debug|Any CPU
		{C23A6A92-F7ED-4661-8481-6ACFBE5860BF}.Debug|Any CPU.Build.0 = Debug|Any CPU
		{C23A6A92-F7ED-4661-8481-6ACFBE5860BF}.Release|Any CPU.ActiveCfg = Release|Any CPU
		{C23A6A92-F7ED-4661-8481-6ACFBE5860BF}.Release|Any CPU.Build.0 = Release|Any CPU
		{ABA5525F-CB58-4D9A-866D-551A813F3416}.Debug|Any CPU.ActiveCfg = Debug|Any CPU
		{ABA5525F-CB58-4D9A-866D-551A813F3416}.Debug|Any CPU.Build.0 = Debug|Any CPU
		{ABA5525F-CB58-4D9A-866D-551A813F3416}.Release|Any CPU.ActiveCfg = Release|Any CPU
		{ABA5525F-CB58-4D9A-866D-551A813F3416}.Release|Any CPU.Build.0 = Release|Any CPU
	EndGlobalSection
	GlobalSection(SolutionProperties) = preSolution
		HideSolutionNode = FALSE
	EndGlobalSection
	GlobalSection(NestedProjects) = preSolution
		{25D88CB9-3EC2-4AE9-A8BB-ACAD5FF10715} = {A657073B-8466-4A93-8173-A9F4B4DBAF37}
		{C23A6A92-F7ED-4661-8481-6ACFBE5860BF} = {A657073B-8466-4A93-8173-A9F4B4DBAF37}
		{ABA5525F-CB58-4D9A-866D-551A813F3416} = {A657073B-8466-4A93-8173-A9F4B4DBAF37}
	EndGlobalSection
	GlobalSection(ExtensibilityGlobals) = postSolution
		SolutionGuid = {BF5F0676-23AB-44E2-A5D4-6D9DDB26FBDE}
	EndGlobalSection
EndGlobal
